
Microsoft Visual Studio Solution File, Format Version 12.00
# Visual Studio Version 16
VisualStudioVersion = 16.0.31911.196
MinimumVisualStudioVersion = 10.0.40219.1
Project("{FAE04EC0-301F-11D3-BF4B-00C04F79EFBC}") = "Addition", "Addition\Addition.csproj", "{0FB87990-739C-4890-A653-15CC6246F65B}"
EndProject
Project("{FAE04EC0-301F-11D3-BF4B-00C04F79EFBC}") = "Task_2", "Task_2\Task_2.csproj", "{C0E826CC-4693-46EA-A021-3DEAB45E3586}"
EndProject
Project("{FAE04EC0-301F-11D3-BF4B-00C04F79EFBC}") = "Task_3", "Task_3\Task_3.csproj", "{2C05E57B-82E4-412A-BEC3-2214142408AE}"
EndProject
Project("{FAE04EC0-301F-11D3-BF4B-00C04F79EFBC}") = "Task_4", "Task_4\Task_4.csproj", "{AB7B2D58-9C31-4EAE-9219-628EC62DDEEF}"
EndProject
Global
	GlobalSection(SolutionConfigurationPlatforms) = preSolution
		Debug|Any CPU = Debug|Any CPU
		Release|Any CPU = Release|Any CPU
	EndGlobalSection
	GlobalSection(ProjectConfigurationPlatforms) = postSolution
		{0FB87990-739C-4890-A653-15CC6246F65B}.Debug|Any CPU.ActiveCfg = Debug|Any CPU
		{0FB87990-739C-4890-A653-15CC6246F65B}.Debug|Any CPU.Build.0 = Debug|Any CPU
		{0FB87990-739C-4890-A653-15CC6246F65B}.Release|Any CPU.ActiveCfg = Release|Any CPU
		{0FB87990-739C-4890-A653-15CC6246F65B}.Release|Any CPU.Build.0 = Release|Any CPU
		{C0E826CC-4693-46EA-A021-3DEAB45E3586}.Debug|Any CPU.ActiveCfg = Debug|Any CPU
		{C0E826CC-4693-46EA-A021-3DEAB45E3586}.Debug|Any CPU.Build.0 = Debug|Any CPU
		{C0E826CC-4693-46EA-A021-3DEAB45E3586}.Release|Any CPU.ActiveCfg = Release|Any CPU
		{C0E826CC-4693-46EA-A021-3DEAB45E3586}.Release|Any CPU.Build.0 = Release|Any CPU
		{2C05E57B-82E4-412A-BEC3-2214142408AE}.Debug|Any CPU.ActiveCfg = Debug|Any CPU
		{2C05E57B-82E4-412A-BEC3-2214142408AE}.Debug|Any CPU.Build.0 = Debug|Any CPU
		{2C05E57B-82E4-412A-BEC3-2214142408AE}.Release|Any CPU.ActiveCfg = Release|Any CPU
		{2C05E57B-82E4-412A-BEC3-2214142408AE}.Release|Any CPU.Build.0 = Release|Any CPU
		{AB7B2D58-9C31-4EAE-9219-628EC62DDEEF}.Debug|Any CPU.ActiveCfg = Debug|Any CPU
		{AB7B2D58-9C31-4EAE-9219-628EC62DDEEF}.Debug|Any CPU.Build.0 = Debug|Any CPU
		{AB7B2D58-9C31-4EAE-9219-628EC62DDEEF}.Release|Any CPU.ActiveCfg = Release|Any CPU
		{AB7B2D58-9C31-4EAE-9219-628EC62DDEEF}.Release|Any CPU.Build.0 = Release|Any CPU
	EndGlobalSection
	GlobalSection(SolutionProperties) = preSolution
		HideSolutionNode = FALSE
	EndGlobalSection
	GlobalSection(ExtensibilityGlobals) = postSolution
		SolutionGuid = {33C64B43-3893-46E4-8674-1C59C8A71B6D}
	EndGlobalSection
EndGlobal
